// !$*UTF8*$!
{
	archiveVersion = 1;
	classes = {
	};
	objectVersion = 56;
	objects = {

/* Begin PBXBuildFile section */
		C4001F142A43DD3000A829B0 /* AuthViewController.swift in Sources */ = {isa = PBXBuildFile; fileRef = C4001F132A43DD3000A829B0 /* AuthViewController.swift */; };
		C4001F182A45329A00A829B0 /* CheckField.swift in Sources */ = {isa = PBXBuildFile; fileRef = C4001F172A45329900A829B0 /* CheckField.swift */; };
		C4001F1A2A4542E700A829B0 /* Service.swift in Sources */ = {isa = PBXBuildFile; fileRef = C4001F192A4542E700A829B0 /* Service.swift */; };
		C44943562A427EAE007ED5FD /* AppDelegate.swift in Sources */ = {isa = PBXBuildFile; fileRef = C44943552A427EAE007ED5FD /* AppDelegate.swift */; };
		C44943582A427EAE007ED5FD /* SceneDelegate.swift in Sources */ = {isa = PBXBuildFile; fileRef = C44943572A427EAE007ED5FD /* SceneDelegate.swift */; };
		C449435F2A427EB0007ED5FD /* Assets.xcassets in Resources */ = {isa = PBXBuildFile; fileRef = C449435E2A427EB0007ED5FD /* Assets.xcassets */; };
		C44943622A427EB0007ED5FD /* LaunchScreen.storyboard in Resources */ = {isa = PBXBuildFile; fileRef = C44943602A427EB0007ED5FD /* LaunchScreen.storyboard */; };
		C449436D2A427EB0007ED5FD /* MessengerTests.swift in Sources */ = {isa = PBXBuildFile; fileRef = C449436C2A427EB0007ED5FD /* MessengerTests.swift */; };
		C44943772A427EB0007ED5FD /* MessengerUITests.swift in Sources */ = {isa = PBXBuildFile; fileRef = C44943762A427EB0007ED5FD /* MessengerUITests.swift */; };
		C44943792A427EB0007ED5FD /* MessengerUITestsLaunchTests.swift in Sources */ = {isa = PBXBuildFile; fileRef = C44943782A427EB0007ED5FD /* MessengerUITestsLaunchTests.swift */; };
		C44943862A42802B007ED5FD /* GoogleService-Info.plist in Resources */ = {isa = PBXBuildFile; fileRef = C44943852A42802B007ED5FD /* GoogleService-Info.plist */; };
		C44943892A4281CC007ED5FD /* FirebaseAnalytics in Frameworks */ = {isa = PBXBuildFile; productRef = C44943882A4281CC007ED5FD /* FirebaseAnalytics */; };
		C449438B2A4281CC007ED5FD /* FirebaseAnalyticsOnDeviceConversion in Frameworks */ = {isa = PBXBuildFile; productRef = C449438A2A4281CC007ED5FD /* FirebaseAnalyticsOnDeviceConversion */; };
		C449438D2A4281CC007ED5FD /* FirebaseAnalyticsSwift in Frameworks */ = {isa = PBXBuildFile; productRef = C449438C2A4281CC007ED5FD /* FirebaseAnalyticsSwift */; };
		C449438F2A4281CC007ED5FD /* FirebaseAnalyticsWithoutAdIdSupport in Frameworks */ = {isa = PBXBuildFile; productRef = C449438E2A4281CC007ED5FD /* FirebaseAnalyticsWithoutAdIdSupport */; };
		C44943912A4281CC007ED5FD /* FirebaseAppCheck in Frameworks */ = {isa = PBXBuildFile; productRef = C44943902A4281CC007ED5FD /* FirebaseAppCheck */; };
		C44943932A4281CC007ED5FD /* FirebaseAppDistribution-Beta in Frameworks */ = {isa = PBXBuildFile; productRef = C44943922A4281CC007ED5FD /* FirebaseAppDistribution-Beta */; };
		C44943952A4281CC007ED5FD /* FirebaseAuth in Frameworks */ = {isa = PBXBuildFile; productRef = C44943942A4281CC007ED5FD /* FirebaseAuth */; };
		C44943972A4281CC007ED5FD /* FirebaseAuthCombine-Community in Frameworks */ = {isa = PBXBuildFile; productRef = C44943962A4281CC007ED5FD /* FirebaseAuthCombine-Community */; };
		C44943992A4281CC007ED5FD /* FirebaseCrashlytics in Frameworks */ = {isa = PBXBuildFile; productRef = C44943982A4281CC007ED5FD /* FirebaseCrashlytics */; };
		C449439B2A4281CC007ED5FD /* FirebaseDatabase in Frameworks */ = {isa = PBXBuildFile; productRef = C449439A2A4281CC007ED5FD /* FirebaseDatabase */; };
		C449439D2A4281CC007ED5FD /* FirebaseDatabaseSwift in Frameworks */ = {isa = PBXBuildFile; productRef = C449439C2A4281CC007ED5FD /* FirebaseDatabaseSwift */; };
		C449439F2A4281CC007ED5FD /* FirebaseDynamicLinks in Frameworks */ = {isa = PBXBuildFile; productRef = C449439E2A4281CC007ED5FD /* FirebaseDynamicLinks */; };
		C44943A12A4281CC007ED5FD /* FirebaseFirestore in Frameworks */ = {isa = PBXBuildFile; productRef = C44943A02A4281CC007ED5FD /* FirebaseFirestore */; };
		C44943A32A4281CC007ED5FD /* FirebaseFirestoreCombine-Community in Frameworks */ = {isa = PBXBuildFile; productRef = C44943A22A4281CC007ED5FD /* FirebaseFirestoreCombine-Community */; };
		C44943A52A4281CC007ED5FD /* FirebaseFirestoreSwift in Frameworks */ = {isa = PBXBuildFile; productRef = C44943A42A4281CC007ED5FD /* FirebaseFirestoreSwift */; };
		C44943A72A4281CC007ED5FD /* FirebaseFunctions in Frameworks */ = {isa = PBXBuildFile; productRef = C44943A62A4281CC007ED5FD /* FirebaseFunctions */; };
		C44943A92A4281CC007ED5FD /* FirebaseFunctionsCombine-Community in Frameworks */ = {isa = PBXBuildFile; productRef = C44943A82A4281CC007ED5FD /* FirebaseFunctionsCombine-Community */; };
		C44943AB2A4281CC007ED5FD /* FirebaseInAppMessaging-Beta in Frameworks */ = {isa = PBXBuildFile; productRef = C44943AA2A4281CC007ED5FD /* FirebaseInAppMessaging-Beta */; };
		C44943AD2A4281CC007ED5FD /* FirebaseInAppMessagingSwift-Beta in Frameworks */ = {isa = PBXBuildFile; productRef = C44943AC2A4281CC007ED5FD /* FirebaseInAppMessagingSwift-Beta */; };
		C44943AF2A4281CC007ED5FD /* FirebaseInstallations in Frameworks */ = {isa = PBXBuildFile; productRef = C44943AE2A4281CC007ED5FD /* FirebaseInstallations */; };
		C44943B12A4281CC007ED5FD /* FirebaseMLModelDownloader in Frameworks */ = {isa = PBXBuildFile; productRef = C44943B02A4281CC007ED5FD /* FirebaseMLModelDownloader */; };
		C44943B32A4281CC007ED5FD /* FirebaseMessaging in Frameworks */ = {isa = PBXBuildFile; productRef = C44943B22A4281CC007ED5FD /* FirebaseMessaging */; };
		C44943B52A4281CC007ED5FD /* FirebasePerformance in Frameworks */ = {isa = PBXBuildFile; productRef = C44943B42A4281CC007ED5FD /* FirebasePerformance */; };
		C44943B72A4281CC007ED5FD /* FirebaseRemoteConfig in Frameworks */ = {isa = PBXBuildFile; productRef = C44943B62A4281CC007ED5FD /* FirebaseRemoteConfig */; };
		C44943B92A4281CC007ED5FD /* FirebaseRemoteConfigSwift in Frameworks */ = {isa = PBXBuildFile; productRef = C44943B82A4281CC007ED5FD /* FirebaseRemoteConfigSwift */; };
		C44943BB2A4281CC007ED5FD /* FirebaseStorage in Frameworks */ = {isa = PBXBuildFile; productRef = C44943BA2A4281CC007ED5FD /* FirebaseStorage */; };
		C44943BD2A4281CC007ED5FD /* FirebaseStorageCombine-Community in Frameworks */ = {isa = PBXBuildFile; productRef = C44943BC2A4281CC007ED5FD /* FirebaseStorageCombine-Community */; };
		C480FDFD2A428C7B0096DAF0 /* LoginViewController.swift in Sources */ = {isa = PBXBuildFile; fileRef = C480FDFC2A428C7B0096DAF0 /* LoginViewController.swift */; };
		C480FE032A428EDF0096DAF0 /* SlideCollectionViewCell.swift in Sources */ = {isa = PBXBuildFile; fileRef = C480FE012A428EDF0096DAF0 /* SlideCollectionViewCell.swift */; };
		C480FE0C2A431C680096DAF0 /* Model.swift in Sources */ = {isa = PBXBuildFile; fileRef = C480FE0B2A431C680096DAF0 /* Model.swift */; };
		C480FE0E2A43C0830096DAF0 /* SliderSlides.swift in Sources */ = {isa = PBXBuildFile; fileRef = C480FE0D2A43C0830096DAF0 /* SliderSlides.swift */; };
		C480FE122A43C2CC0096DAF0 /* RViewController.swift in Sources */ = {isa = PBXBuildFile; fileRef = C480FE112A43C2CC0096DAF0 /* RViewController.swift */; };
		C480FE142A43C38D0096DAF0 /* AppViewController.swift in Sources */ = {isa = PBXBuildFile; fileRef = C480FE132A43C38D0096DAF0 /* AppViewController.swift */; };
		C4BD85CF2A48FB1C00BD26CE /* UsersViewController.swift in Sources */ = {isa = PBXBuildFile; fileRef = C4BD85CE2A48FB1C00BD26CE /* UsersViewController.swift */; };
		C4BD85D42A48FD0E00BD26CE /* UsersCell.swift in Sources */ = {isa = PBXBuildFile; fileRef = C4BD85D32A48FD0E00BD26CE /* UsersCell.swift */; };
		C4BD85D72A4A624600BD26CE /* MessageKit in Frameworks */ = {isa = PBXBuildFile; productRef = C4BD85D62A4A624600BD26CE /* MessageKit */; };
		C4BD85D92A4A630800BD26CE /* MessagesViewController.swift in Sources */ = {isa = PBXBuildFile; fileRef = C4BD85D82A4A630800BD26CE /* MessagesViewController.swift */; };
		C4BD85DC2A4A6CA800BD26CE /* ChatViewController.swift in Sources */ = {isa = PBXBuildFile; fileRef = C4BD85DB2A4A6CA800BD26CE /* ChatViewController.swift */; };
/* End PBXBuildFile section */

/* Begin PBXContainerItemProxy section */
		C44943692A427EB0007ED5FD /* PBXContainerItemProxy */ = {
			isa = PBXContainerItemProxy;
			containerPortal = C449434A2A427EAE007ED5FD /* Project object */;
			proxyType = 1;
			remoteGlobalIDString = C44943512A427EAE007ED5FD;
			remoteInfo = Messenger;
		};
		C44943732A427EB0007ED5FD /* PBXContainerItemProxy */ = {
			isa = PBXContainerItemProxy;
			containerPortal = C449434A2A427EAE007ED5FD /* Project object */;
			proxyType = 1;
			remoteGlobalIDString = C44943512A427EAE007ED5FD;
			remoteInfo = Messenger;
		};
/* End PBXContainerItemProxy section */

/* Begin PBXFileReference section */
		C4001F132A43DD3000A829B0 /* AuthViewController.swift */ = {isa = PBXFileReference; lastKnownFileType = sourcecode.swift; path = AuthViewController.swift; sourceTree = "<group>"; };
		C4001F172A45329900A829B0 /* CheckField.swift */ = {isa = PBXFileReference; lastKnownFileType = sourcecode.swift; path = CheckField.swift; sourceTree = "<group>"; };
		C4001F192A4542E700A829B0 /* Service.swift */ = {isa = PBXFileReference; lastKnownFileType = sourcecode.swift; path = Service.swift; sourceTree = "<group>"; };
		C44943522A427EAE007ED5FD /* Messenger.app */ = {isa = PBXFileReference; explicitFileType = wrapper.application; includeInIndex = 0; path = Messenger.app; sourceTree = BUILT_PRODUCTS_DIR; };
		C44943552A427EAE007ED5FD /* AppDelegate.swift */ = {isa = PBXFileReference; lastKnownFileType = sourcecode.swift; path = AppDelegate.swift; sourceTree = "<group>"; };
		C44943572A427EAE007ED5FD /* SceneDelegate.swift */ = {isa = PBXFileReference; lastKnownFileType = sourcecode.swift; path = SceneDelegate.swift; sourceTree = "<group>"; };
		C449435E2A427EB0007ED5FD /* Assets.xcassets */ = {isa = PBXFileReference; lastKnownFileType = folder.assetcatalog; path = Assets.xcassets; sourceTree = "<group>"; };
		C44943612A427EB0007ED5FD /* Base */ = {isa = PBXFileReference; lastKnownFileType = file.storyboard; name = Base; path = Base.lproj/LaunchScreen.storyboard; sourceTree = "<group>"; };
		C44943632A427EB0007ED5FD /* Info.plist */ = {isa = PBXFileReference; lastKnownFileType = text.plist.xml; path = Info.plist; sourceTree = "<group>"; };
		C44943682A427EB0007ED5FD /* MessengerTests.xctest */ = {isa = PBXFileReference; explicitFileType = wrapper.cfbundle; includeInIndex = 0; path = MessengerTests.xctest; sourceTree = BUILT_PRODUCTS_DIR; };
		C449436C2A427EB0007ED5FD /* MessengerTests.swift */ = {isa = PBXFileReference; lastKnownFileType = sourcecode.swift; path = MessengerTests.swift; sourceTree = "<group>"; };
		C44943722A427EB0007ED5FD /* MessengerUITests.xctest */ = {isa = PBXFileReference; explicitFileType = wrapper.cfbundle; includeInIndex = 0; path = MessengerUITests.xctest; sourceTree = BUILT_PRODUCTS_DIR; };
		C44943762A427EB0007ED5FD /* MessengerUITests.swift */ = {isa = PBXFileReference; lastKnownFileType = sourcecode.swift; path = MessengerUITests.swift; sourceTree = "<group>"; };
		C44943782A427EB0007ED5FD /* MessengerUITestsLaunchTests.swift */ = {isa = PBXFileReference; lastKnownFileType = sourcecode.swift; path = MessengerUITestsLaunchTests.swift; sourceTree = "<group>"; };
		C44943852A42802B007ED5FD /* GoogleService-Info.plist */ = {isa = PBXFileReference; fileEncoding = 4; lastKnownFileType = text.plist.xml; name = "GoogleService-Info.plist"; path = "../../../../Downloads/GoogleService-Info.plist"; sourceTree = "<group>"; };
		C480FDFC2A428C7B0096DAF0 /* LoginViewController.swift */ = {isa = PBXFileReference; lastKnownFileType = sourcecode.swift; path = LoginViewController.swift; sourceTree = "<group>"; };
		C480FE012A428EDF0096DAF0 /* SlideCollectionViewCell.swift */ = {isa = PBXFileReference; lastKnownFileType = sourcecode.swift; path = SlideCollectionViewCell.swift; sourceTree = "<group>"; };
		C480FE0B2A431C680096DAF0 /* Model.swift */ = {isa = PBXFileReference; lastKnownFileType = sourcecode.swift; path = Model.swift; sourceTree = "<group>"; };
		C480FE0D2A43C0830096DAF0 /* SliderSlides.swift */ = {isa = PBXFileReference; lastKnownFileType = sourcecode.swift; path = SliderSlides.swift; sourceTree = "<group>"; };
		C480FE112A43C2CC0096DAF0 /* RViewController.swift */ = {isa = PBXFileReference; lastKnownFileType = sourcecode.swift; path = RViewController.swift; sourceTree = "<group>"; };
		C480FE132A43C38D0096DAF0 /* AppViewController.swift */ = {isa = PBXFileReference; lastKnownFileType = sourcecode.swift; path = AppViewController.swift; sourceTree = "<group>"; };
		C4BD85CE2A48FB1C00BD26CE /* UsersViewController.swift */ = {isa = PBXFileReference; lastKnownFileType = sourcecode.swift; path = UsersViewController.swift; sourceTree = "<group>"; };
		C4BD85D32A48FD0E00BD26CE /* UsersCell.swift */ = {isa = PBXFileReference; lastKnownFileType = sourcecode.swift; path = UsersCell.swift; sourceTree = "<group>"; };
		C4BD85D82A4A630800BD26CE /* MessagesViewController.swift */ = {isa = PBXFileReference; lastKnownFileType = sourcecode.swift; path = MessagesViewController.swift; sourceTree = "<group>"; };
		C4BD85DB2A4A6CA800BD26CE /* ChatViewController.swift */ = {isa = PBXFileReference; lastKnownFileType = sourcecode.swift; path = ChatViewController.swift; sourceTree = "<group>"; };
/* End PBXFileReference section */

/* Begin PBXFrameworksBuildPhase section */
		C449434F2A427EAE007ED5FD /* Frameworks */ = {
			isa = PBXFrameworksBuildPhase;
			buildActionMask = 2147483647;
			files = (
				C449439B2A4281CC007ED5FD /* FirebaseDatabase in Frameworks */,
				C44943A92A4281CC007ED5FD /* FirebaseFunctionsCombine-Community in Frameworks */,
				C44943A12A4281CC007ED5FD /* FirebaseFirestore in Frameworks */,
				C4BD85D72A4A624600BD26CE /* MessageKit in Frameworks */,
				C449438D2A4281CC007ED5FD /* FirebaseAnalyticsSwift in Frameworks */,
				C44943892A4281CC007ED5FD /* FirebaseAnalytics in Frameworks */,
				C449438B2A4281CC007ED5FD /* FirebaseAnalyticsOnDeviceConversion in Frameworks */,
				C44943B12A4281CC007ED5FD /* FirebaseMLModelDownloader in Frameworks */,
				C44943A52A4281CC007ED5FD /* FirebaseFirestoreSwift in Frameworks */,
				C44943912A4281CC007ED5FD /* FirebaseAppCheck in Frameworks */,
				C449438F2A4281CC007ED5FD /* FirebaseAnalyticsWithoutAdIdSupport in Frameworks */,
				C44943952A4281CC007ED5FD /* FirebaseAuth in Frameworks */,
				C44943992A4281CC007ED5FD /* FirebaseCrashlytics in Frameworks */,
				C44943B92A4281CC007ED5FD /* FirebaseRemoteConfigSwift in Frameworks */,
				C44943AB2A4281CC007ED5FD /* FirebaseInAppMessaging-Beta in Frameworks */,
				C449439D2A4281CC007ED5FD /* FirebaseDatabaseSwift in Frameworks */,
				C44943A72A4281CC007ED5FD /* FirebaseFunctions in Frameworks */,
				C44943BD2A4281CC007ED5FD /* FirebaseStorageCombine-Community in Frameworks */,
				C44943B72A4281CC007ED5FD /* FirebaseRemoteConfig in Frameworks */,
				C44943932A4281CC007ED5FD /* FirebaseAppDistribution-Beta in Frameworks */,
				C44943972A4281CC007ED5FD /* FirebaseAuthCombine-Community in Frameworks */,
				C44943B52A4281CC007ED5FD /* FirebasePerformance in Frameworks */,
				C44943AD2A4281CC007ED5FD /* FirebaseInAppMessagingSwift-Beta in Frameworks */,
				C44943BB2A4281CC007ED5FD /* FirebaseStorage in Frameworks */,
				C449439F2A4281CC007ED5FD /* FirebaseDynamicLinks in Frameworks */,
				C44943A32A4281CC007ED5FD /* FirebaseFirestoreCombine-Community in Frameworks */,
				C44943B32A4281CC007ED5FD /* FirebaseMessaging in Frameworks */,
				C44943AF2A4281CC007ED5FD /* FirebaseInstallations in Frameworks */,
			);
			runOnlyForDeploymentPostprocessing = 0;
		};
		C44943652A427EB0007ED5FD /* Frameworks */ = {
			isa = PBXFrameworksBuildPhase;
			buildActionMask = 2147483647;
			files = (
			);
			runOnlyForDeploymentPostprocessing = 0;
		};
		C449436F2A427EB0007ED5FD /* Frameworks */ = {
			isa = PBXFrameworksBuildPhase;
			buildActionMask = 2147483647;
			files = (
			);
			runOnlyForDeploymentPostprocessing = 0;
		};
/* End PBXFrameworksBuildPhase section */

/* Begin PBXGroup section */
		C44943492A427EAE007ED5FD = {
			isa = PBXGroup;
			children = (
				C44943542A427EAE007ED5FD /* Messenger */,
				C449436B2A427EB0007ED5FD /* MessengerTests */,
				C44943752A427EB0007ED5FD /* MessengerUITests */,
				C44943532A427EAE007ED5FD /* Products */,
			);
			sourceTree = "<group>";
		};
		C44943532A427EAE007ED5FD /* Products */ = {
			isa = PBXGroup;
			children = (
				C44943522A427EAE007ED5FD /* Messenger.app */,
				C44943682A427EB0007ED5FD /* MessengerTests.xctest */,
				C44943722A427EB0007ED5FD /* MessengerUITests.xctest */,
			);
			name = Products;
			sourceTree = "<group>";
		};
		C44943542A427EAE007ED5FD /* Messenger */ = {
			isa = PBXGroup;
			children = (
				C44943552A427EAE007ED5FD /* AppDelegate.swift */,
				C480FDFB2A428B5D0096DAF0 /* Controller */,
				C480FDFA2A428B480096DAF0 /* View */,
				C480FDF92A428B3B0096DAF0 /* Model */,
				C44943572A427EAE007ED5FD /* SceneDelegate.swift */,
				C449435E2A427EB0007ED5FD /* Assets.xcassets */,
				C44943602A427EB0007ED5FD /* LaunchScreen.storyboard */,
				C44943632A427EB0007ED5FD /* Info.plist */,
				C44943852A42802B007ED5FD /* GoogleService-Info.plist */,
			);
			path = Messenger;
			sourceTree = "<group>";
		};
		C449436B2A427EB0007ED5FD /* MessengerTests */ = {
			isa = PBXGroup;
			children = (
				C449436C2A427EB0007ED5FD /* MessengerTests.swift */,
			);
			path = MessengerTests;
			sourceTree = "<group>";
		};
		C44943752A427EB0007ED5FD /* MessengerUITests */ = {
			isa = PBXGroup;
			children = (
				C44943762A427EB0007ED5FD /* MessengerUITests.swift */,
				C44943782A427EB0007ED5FD /* MessengerUITestsLaunchTests.swift */,
			);
			path = MessengerUITests;
			sourceTree = "<group>";
		};
		C480FDF92A428B3B0096DAF0 /* Model */ = {
			isa = PBXGroup;
			children = (
				C480FE0B2A431C680096DAF0 /* Model.swift */,
				C480FE0D2A43C0830096DAF0 /* SliderSlides.swift */,
				C4001F172A45329900A829B0 /* CheckField.swift */,
				C4001F192A4542E700A829B0 /* Service.swift */,
			);
			path = Model;
			sourceTree = "<group>";
		};
		C480FDFA2A428B480096DAF0 /* View */ = {
			isa = PBXGroup;
			children = (
				C4BD85DA2A4A6C8A00BD26CE /* Chat */,
				C4BD85D22A48FCC400BD26CE /* Users */,
				C480FE002A428E960096DAF0 /* Slide */,
			);
			path = View;
			sourceTree = "<group>";
		};
		C480FDFB2A428B5D0096DAF0 /* Controller */ = {
			isa = PBXGroup;
			children = (
				C480FDFF2A428CBA0096DAF0 /* App */,
				C480FDFE2A428C9E0096DAF0 /* Login */,
			);
			path = Controller;
			sourceTree = "<group>";
		};
		C480FDFE2A428C9E0096DAF0 /* Login */ = {
			isa = PBXGroup;
			children = (
				C480FDFC2A428C7B0096DAF0 /* LoginViewController.swift */,
				C480FE112A43C2CC0096DAF0 /* RViewController.swift */,
				C4001F132A43DD3000A829B0 /* AuthViewController.swift */,
			);
			path = Login;
			sourceTree = "<group>";
		};
		C480FDFF2A428CBA0096DAF0 /* App */ = {
			isa = PBXGroup;
			children = (
				C480FE132A43C38D0096DAF0 /* AppViewController.swift */,
			);
			path = App;
			sourceTree = "<group>";
		};
		C480FE002A428E960096DAF0 /* Slide */ = {
			isa = PBXGroup;
			children = (
				C480FE012A428EDF0096DAF0 /* SlideCollectionViewCell.swift */,
			);
			path = Slide;
			sourceTree = "<group>";
		};
		C4BD85D22A48FCC400BD26CE /* Users */ = {
			isa = PBXGroup;
			children = (
				C4BD85CE2A48FB1C00BD26CE /* UsersViewController.swift */,
				C4BD85D32A48FD0E00BD26CE /* UsersCell.swift */,
			);
			path = Users;
			sourceTree = "<group>";
		};
		C4BD85DA2A4A6C8A00BD26CE /* Chat */ = {
			isa = PBXGroup;
			children = (
				C4BD85D82A4A630800BD26CE /* MessagesViewController.swift */,
				C4BD85DB2A4A6CA800BD26CE /* ChatViewController.swift */,
			);
			path = Chat;
			sourceTree = "<group>";
		};
/* End PBXGroup section */

/* Begin PBXNativeTarget section */
		C44943512A427EAE007ED5FD /* Messenger */ = {
			isa = PBXNativeTarget;
			buildConfigurationList = C449437C2A427EB0007ED5FD /* Build configuration list for PBXNativeTarget "Messenger" */;
			buildPhases = (
				C449434E2A427EAE007ED5FD /* Sources */,
				C449434F2A427EAE007ED5FD /* Frameworks */,
				C44943502A427EAE007ED5FD /* Resources */,
			);
			buildRules = (
			);
			dependencies = (
			);
			name = Messenger;
			packageProductDependencies = (
				C44943882A4281CC007ED5FD /* FirebaseAnalytics */,
				C449438A2A4281CC007ED5FD /* FirebaseAnalyticsOnDeviceConversion */,
				C449438C2A4281CC007ED5FD /* FirebaseAnalyticsSwift */,
				C449438E2A4281CC007ED5FD /* FirebaseAnalyticsWithoutAdIdSupport */,
				C44943902A4281CC007ED5FD /* FirebaseAppCheck */,
				C44943922A4281CC007ED5FD /* FirebaseAppDistribution-Beta */,
				C44943942A4281CC007ED5FD /* FirebaseAuth */,
				C44943962A4281CC007ED5FD /* FirebaseAuthCombine-Community */,
				C44943982A4281CC007ED5FD /* FirebaseCrashlytics */,
				C449439A2A4281CC007ED5FD /* FirebaseDatabase */,
				C449439C2A4281CC007ED5FD /* FirebaseDatabaseSwift */,
				C449439E2A4281CC007ED5FD /* FirebaseDynamicLinks */,
				C44943A02A4281CC007ED5FD /* FirebaseFirestore */,
				C44943A22A4281CC007ED5FD /* FirebaseFirestoreCombine-Community */,
				C44943A42A4281CC007ED5FD /* FirebaseFirestoreSwift */,
				C44943A62A4281CC007ED5FD /* FirebaseFunctions */,
				C44943A82A4281CC007ED5FD /* FirebaseFunctionsCombine-Community */,
				C44943AA2A4281CC007ED5FD /* FirebaseInAppMessaging-Beta */,
				C44943AC2A4281CC007ED5FD /* FirebaseInAppMessagingSwift-Beta */,
				C44943AE2A4281CC007ED5FD /* FirebaseInstallations */,
				C44943B02A4281CC007ED5FD /* FirebaseMLModelDownloader */,
				C44943B22A4281CC007ED5FD /* FirebaseMessaging */,
				C44943B42A4281CC007ED5FD /* FirebasePerformance */,
				C44943B62A4281CC007ED5FD /* FirebaseRemoteConfig */,
				C44943B82A4281CC007ED5FD /* FirebaseRemoteConfigSwift */,
				C44943BA2A4281CC007ED5FD /* FirebaseStorage */,
				C44943BC2A4281CC007ED5FD /* FirebaseStorageCombine-Community */,
				C4BD85D62A4A624600BD26CE /* MessageKit */,
			);
			productName = Messenger;
			productReference = C44943522A427EAE007ED5FD /* Messenger.app */;
			productType = "com.apple.product-type.application";
		};
		C44943672A427EB0007ED5FD /* MessengerTests */ = {
			isa = PBXNativeTarget;
			buildConfigurationList = C449437F2A427EB0007ED5FD /* Build configuration list for PBXNativeTarget "MessengerTests" */;
			buildPhases = (
				C44943642A427EB0007ED5FD /* Sources */,
				C44943652A427EB0007ED5FD /* Frameworks */,
				C44943662A427EB0007ED5FD /* Resources */,
			);
			buildRules = (
			);
			dependencies = (
				C449436A2A427EB0007ED5FD /* PBXTargetDependency */,
			);
			name = MessengerTests;
			productName = MessengerTests;
			productReference = C44943682A427EB0007ED5FD /* MessengerTests.xctest */;
			productType = "com.apple.product-type.bundle.unit-test";
		};
		C44943712A427EB0007ED5FD /* MessengerUITests */ = {
			isa = PBXNativeTarget;
			buildConfigurationList = C44943822A427EB0007ED5FD /* Build configuration list for PBXNativeTarget "MessengerUITests" */;
			buildPhases = (
				C449436E2A427EB0007ED5FD /* Sources */,
				C449436F2A427EB0007ED5FD /* Frameworks */,
				C44943702A427EB0007ED5FD /* Resources */,
			);
			buildRules = (
			);
			dependencies = (
				C44943742A427EB0007ED5FD /* PBXTargetDependency */,
			);
			name = MessengerUITests;
			productName = MessengerUITests;
			productReference = C44943722A427EB0007ED5FD /* MessengerUITests.xctest */;
			productType = "com.apple.product-type.bundle.ui-testing";
		};
/* End PBXNativeTarget section */

/* Begin PBXProject section */
		C449434A2A427EAE007ED5FD /* Project object */ = {
			isa = PBXProject;
			attributes = {
				BuildIndependentTargetsInParallel = 1;
				LastSwiftUpdateCheck = 1430;
				LastUpgradeCheck = 1430;
				TargetAttributes = {
					C44943512A427EAE007ED5FD = {
						CreatedOnToolsVersion = 14.3.1;
					};
					C44943672A427EB0007ED5FD = {
						CreatedOnToolsVersion = 14.3.1;
						TestTargetID = C44943512A427EAE007ED5FD;
					};
					C44943712A427EB0007ED5FD = {
						CreatedOnToolsVersion = 14.3.1;
						TestTargetID = C44943512A427EAE007ED5FD;
					};
				};
			};
			buildConfigurationList = C449434D2A427EAE007ED5FD /* Build configuration list for PBXProject "Messenger" */;
			compatibilityVersion = "Xcode 14.0";
			developmentRegion = en;
			hasScannedForEncodings = 0;
			knownRegions = (
				en,
				Base,
			);
			mainGroup = C44943492A427EAE007ED5FD;
			packageReferences = (
				C44943872A4281CC007ED5FD /* XCRemoteSwiftPackageReference "firebase-ios-sdk" */,
				C4BD85D52A4A624600BD26CE /* XCRemoteSwiftPackageReference "MessageKit" */,
			);
			productRefGroup = C44943532A427EAE007ED5FD /* Products */;
			projectDirPath = "";
			projectRoot = "";
			targets = (
				C44943512A427EAE007ED5FD /* Messenger */,
				C44943672A427EB0007ED5FD /* MessengerTests */,
				C44943712A427EB0007ED5FD /* MessengerUITests */,
			);
		};
/* End PBXProject section */

/* Begin PBXResourcesBuildPhase section */
		C44943502A427EAE007ED5FD /* Resources */ = {
			isa = PBXResourcesBuildPhase;
			buildActionMask = 2147483647;
			files = (
				C44943622A427EB0007ED5FD /* LaunchScreen.storyboard in Resources */,
				C44943862A42802B007ED5FD /* GoogleService-Info.plist in Resources */,
				C449435F2A427EB0007ED5FD /* Assets.xcassets in Resources */,
			);
			runOnlyForDeploymentPostprocessing = 0;
		};
		C44943662A427EB0007ED5FD /* Resources */ = {
			isa = PBXResourcesBuildPhase;
			buildActionMask = 2147483647;
			files = (
			);
			runOnlyForDeploymentPostprocessing = 0;
		};
		C44943702A427EB0007ED5FD /* Resources */ = {
			isa = PBXResourcesBuildPhase;
			buildActionMask = 2147483647;
			files = (
			);
			runOnlyForDeploymentPostprocessing = 0;
		};
/* End PBXResourcesBuildPhase section */

/* Begin PBXSourcesBuildPhase section */
		C449434E2A427EAE007ED5FD /* Sources */ = {
			isa = PBXSourcesBuildPhase;
			buildActionMask = 2147483647;
			files = (
				C4BD85D92A4A630800BD26CE /* MessagesViewController.swift in Sources */,
				C4001F142A43DD3000A829B0 /* AuthViewController.swift in Sources */,
				C4BD85DC2A4A6CA800BD26CE /* ChatViewController.swift in Sources */,
				C480FE0C2A431C680096DAF0 /* Model.swift in Sources */,
				C4BD85CF2A48FB1C00BD26CE /* UsersViewController.swift in Sources */,
				C480FE032A428EDF0096DAF0 /* SlideCollectionViewCell.swift in Sources */,
				C4001F182A45329A00A829B0 /* CheckField.swift in Sources */,
				C480FE0E2A43C0830096DAF0 /* SliderSlides.swift in Sources */,
				C480FE122A43C2CC0096DAF0 /* RViewController.swift in Sources */,
				C480FDFD2A428C7B0096DAF0 /* LoginViewController.swift in Sources */,
				C480FE142A43C38D0096DAF0 /* AppViewController.swift in Sources */,
				C4001F1A2A4542E700A829B0 /* Service.swift in Sources */,
				C44943562A427EAE007ED5FD /* AppDelegate.swift in Sources */,
				C4BD85D42A48FD0E00BD26CE /* UsersCell.swift in Sources */,
				C44943582A427EAE007ED5FD /* SceneDelegate.swift in Sources */,
			);
			runOnlyForDeploymentPostprocessing = 0;
		};
		C44943642A427EB0007ED5FD /* Sources */ = {
			isa = PBXSourcesBuildPhase;
			buildActionMask = 2147483647;
			files = (
				C449436D2A427EB0007ED5FD /* MessengerTests.swift in Sources */,
			);
			runOnlyForDeploymentPostprocessing = 0;
		};
		C449436E2A427EB0007ED5FD /* Sources */ = {
			isa = PBXSourcesBuildPhase;
			buildActionMask = 2147483647;
			files = (
				C44943792A427EB0007ED5FD /* MessengerUITestsLaunchTests.swift in Sources */,
				C44943772A427EB0007ED5FD /* MessengerUITests.swift in Sources */,
			);
			runOnlyForDeploymentPostprocessing = 0;
		};
/* End PBXSourcesBuildPhase section */

/* Begin PBXTargetDependency section */
		C449436A2A427EB0007ED5FD /* PBXTargetDependency */ = {
			isa = PBXTargetDependency;
			target = C44943512A427EAE007ED5FD /* Messenger */;
			targetProxy = C44943692A427EB0007ED5FD /* PBXContainerItemProxy */;
		};
		C44943742A427EB0007ED5FD /* PBXTargetDependency */ = {
			isa = PBXTargetDependency;
			target = C44943512A427EAE007ED5FD /* Messenger */;
			targetProxy = C44943732A427EB0007ED5FD /* PBXContainerItemProxy */;
		};
/* End PBXTargetDependency section */

/* Begin PBXVariantGroup section */
		C44943602A427EB0007ED5FD /* LaunchScreen.storyboard */ = {
			isa = PBXVariantGroup;
			children = (
				C44943612A427EB0007ED5FD /* Base */,
			);
			name = LaunchScreen.storyboard;
			sourceTree = "<group>";
		};
/* End PBXVariantGroup section */

/* Begin XCBuildConfiguration section */
		C449437A2A427EB0007ED5FD /* Debug */ = {
			isa = XCBuildConfiguration;
			buildSettings = {
				ALWAYS_SEARCH_USER_PATHS = NO;
				CLANG_ANALYZER_NONNULL = YES;
				CLANG_ANALYZER_NUMBER_OBJECT_CONVERSION = YES_AGGRESSIVE;
				CLANG_CXX_LANGUAGE_STANDARD = "gnu++20";
				CLANG_ENABLE_MODULES = YES;
				CLANG_ENABLE_OBJC_ARC = YES;
				CLANG_ENABLE_OBJC_WEAK = YES;
				CLANG_WARN_BLOCK_CAPTURE_AUTORELEASING = YES;
				CLANG_WARN_BOOL_CONVERSION = YES;
				CLANG_WARN_COMMA = YES;
				CLANG_WARN_CONSTANT_CONVERSION = YES;
				CLANG_WARN_DEPRECATED_OBJC_IMPLEMENTATIONS = YES;
				CLANG_WARN_DIRECT_OBJC_ISA_USAGE = YES_ERROR;
				CLANG_WARN_DOCUMENTATION_COMMENTS = YES;
				CLANG_WARN_EMPTY_BODY = YES;
				CLANG_WARN_ENUM_CONVERSION = YES;
				CLANG_WARN_INFINITE_RECURSION = YES;
				CLANG_WARN_INT_CONVERSION = YES;
				CLANG_WARN_NON_LITERAL_NULL_CONVERSION = YES;
				CLANG_WARN_OBJC_IMPLICIT_RETAIN_SELF = YES;
				CLANG_WARN_OBJC_LITERAL_CONVERSION = YES;
				CLANG_WARN_OBJC_ROOT_CLASS = YES_ERROR;
				CLANG_WARN_QUOTED_INCLUDE_IN_FRAMEWORK_HEADER = YES;
				CLANG_WARN_RANGE_LOOP_ANALYSIS = YES;
				CLANG_WARN_STRICT_PROTOTYPES = YES;
				CLANG_WARN_SUSPICIOUS_MOVE = YES;
				CLANG_WARN_UNGUARDED_AVAILABILITY = YES_AGGRESSIVE;
				CLANG_WARN_UNREACHABLE_CODE = YES;
				CLANG_WARN__DUPLICATE_METHOD_MATCH = YES;
				COPY_PHASE_STRIP = NO;
				DEBUG_INFORMATION_FORMAT = dwarf;
				ENABLE_STRICT_OBJC_MSGSEND = YES;
				ENABLE_TESTABILITY = YES;
				GCC_C_LANGUAGE_STANDARD = gnu11;
				GCC_DYNAMIC_NO_PIC = NO;
				GCC_NO_COMMON_BLOCKS = YES;
				GCC_OPTIMIZATION_LEVEL = 0;
				GCC_PREPROCESSOR_DEFINITIONS = (
					"DEBUG=1",
					"$(inherited)",
				);
				GCC_WARN_64_TO_32_BIT_CONVERSION = YES;
				GCC_WARN_ABOUT_RETURN_TYPE = YES_ERROR;
				GCC_WARN_UNDECLARED_SELECTOR = YES;
				GCC_WARN_UNINITIALIZED_AUTOS = YES_AGGRESSIVE;
				GCC_WARN_UNUSED_FUNCTION = YES;
				GCC_WARN_UNUSED_VARIABLE = YES;
				IPHONEOS_DEPLOYMENT_TARGET = 16.4;
				MTL_ENABLE_DEBUG_INFO = INCLUDE_SOURCE;
				MTL_FAST_MATH = YES;
				ONLY_ACTIVE_ARCH = YES;
				SDKROOT = iphoneos;
				SWIFT_ACTIVE_COMPILATION_CONDITIONS = DEBUG;
				SWIFT_OPTIMIZATION_LEVEL = "-Onone";
			};
			name = Debug;
		};
		C449437B2A427EB0007ED5FD /* Release */ = {
			isa = XCBuildConfiguration;
			buildSettings = {
				ALWAYS_SEARCH_USER_PATHS = NO;
				CLANG_ANALYZER_NONNULL = YES;
				CLANG_ANALYZER_NUMBER_OBJECT_CONVERSION = YES_AGGRESSIVE;
				CLANG_CXX_LANGUAGE_STANDARD = "gnu++20";
				CLANG_ENABLE_MODULES = YES;
				CLANG_ENABLE_OBJC_ARC = YES;
				CLANG_ENABLE_OBJC_WEAK = YES;
				CLANG_WARN_BLOCK_CAPTURE_AUTORELEASING = YES;
				CLANG_WARN_BOOL_CONVERSION = YES;
				CLANG_WARN_COMMA = YES;
				CLANG_WARN_CONSTANT_CONVERSION = YES;
				CLANG_WARN_DEPRECATED_OBJC_IMPLEMENTATIONS = YES;
				CLANG_WARN_DIRECT_OBJC_ISA_USAGE = YES_ERROR;
				CLANG_WARN_DOCUMENTATION_COMMENTS = YES;
				CLANG_WARN_EMPTY_BODY = YES;
				CLANG_WARN_ENUM_CONVERSION = YES;
				CLANG_WARN_INFINITE_RECURSION = YES;
				CLANG_WARN_INT_CONVERSION = YES;
				CLANG_WARN_NON_LITERAL_NULL_CONVERSION = YES;
				CLANG_WARN_OBJC_IMPLICIT_RETAIN_SELF = YES;
				CLANG_WARN_OBJC_LITERAL_CONVERSION = YES;
				CLANG_WARN_OBJC_ROOT_CLASS = YES_ERROR;
				CLANG_WARN_QUOTED_INCLUDE_IN_FRAMEWORK_HEADER = YES;
				CLANG_WARN_RANGE_LOOP_ANALYSIS = YES;
				CLANG_WARN_STRICT_PROTOTYPES = YES;
				CLANG_WARN_SUSPICIOUS_MOVE = YES;
				CLANG_WARN_UNGUARDED_AVAILABILITY = YES_AGGRESSIVE;
				CLANG_WARN_UNREACHABLE_CODE = YES;
				CLANG_WARN__DUPLICATE_METHOD_MATCH = YES;
				COPY_PHASE_STRIP = NO;
				DEBUG_INFORMATION_FORMAT = "dwarf-with-dsym";
				ENABLE_NS_ASSERTIONS = NO;
				ENABLE_STRICT_OBJC_MSGSEND = YES;
				GCC_C_LANGUAGE_STANDARD = gnu11;
				GCC_NO_COMMON_BLOCKS = YES;
				GCC_WARN_64_TO_32_BIT_CONVERSION = YES;
				GCC_WARN_ABOUT_RETURN_TYPE = YES_ERROR;
				GCC_WARN_UNDECLARED_SELECTOR = YES;
				GCC_WARN_UNINITIALIZED_AUTOS = YES_AGGRESSIVE;
				GCC_WARN_UNUSED_FUNCTION = YES;
				GCC_WARN_UNUSED_VARIABLE = YES;
				IPHONEOS_DEPLOYMENT_TARGET = 16.4;
				MTL_ENABLE_DEBUG_INFO = NO;
				MTL_FAST_MATH = YES;
				SDKROOT = iphoneos;
				SWIFT_COMPILATION_MODE = wholemodule;
				SWIFT_OPTIMIZATION_LEVEL = "-O";
				VALIDATE_PRODUCT = YES;
			};
			name = Release;
		};
		C449437D2A427EB0007ED5FD /* Debug */ = {
			isa = XCBuildConfiguration;
			buildSettings = {
				ASSETCATALOG_COMPILER_APPICON_NAME = AppIcon;
				ASSETCATALOG_COMPILER_GLOBAL_ACCENT_COLOR_NAME = AccentColor;
				CODE_SIGN_STYLE = Automatic;
				CURRENT_PROJECT_VERSION = 1;
				DEVELOPMENT_TEAM = 9BBZ3F39P6;
				GENERATE_INFOPLIST_FILE = YES;
				INFOPLIST_FILE = Messenger/Info.plist;
				INFOPLIST_KEY_UIApplicationSupportsIndirectInputEvents = YES;
				INFOPLIST_KEY_UILaunchStoryboardName = LaunchScreen;
				INFOPLIST_KEY_UISupportedInterfaceOrientations_iPad = "UIInterfaceOrientationPortrait UIInterfaceOrientationPortraitUpsideDown UIInterfaceOrientationLandscapeLeft UIInterfaceOrientationLandscapeRight";
				INFOPLIST_KEY_UISupportedInterfaceOrientations_iPhone = "UIInterfaceOrientationPortrait UIInterfaceOrientationLandscapeLeft UIInterfaceOrientationLandscapeRight";
				LD_RUNPATH_SEARCH_PATHS = (
					"$(inherited)",
					"@executable_path/Frameworks",
				);
				MARKETING_VERSION = 1.0;
				PRODUCT_BUNDLE_IDENTIFIER = "-.Messenger";
				PRODUCT_NAME = "$(TARGET_NAME)";
				SWIFT_EMIT_LOC_STRINGS = YES;
				SWIFT_VERSION = 5.0;
				TARGETED_DEVICE_FAMILY = "1,2";
			};
			name = Debug;
		};
		C449437E2A427EB0007ED5FD /* Release */ = {
			isa = XCBuildConfiguration;
			buildSettings = {
				ASSETCATALOG_COMPILER_APPICON_NAME = AppIcon;
				ASSETCATALOG_COMPILER_GLOBAL_ACCENT_COLOR_NAME = AccentColor;
				CODE_SIGN_STYLE = Automatic;
				CURRENT_PROJECT_VERSION = 1;
				DEVELOPMENT_TEAM = 9BBZ3F39P6;
				GENERATE_INFOPLIST_FILE = YES;
				INFOPLIST_FILE = Messenger/Info.plist;
				INFOPLIST_KEY_UIApplicationSupportsIndirectInputEvents = YES;
				INFOPLIST_KEY_UILaunchStoryboardName = LaunchScreen;
				INFOPLIST_KEY_UISupportedInterfaceOrientations_iPad = "UIInterfaceOrientationPortrait UIInterfaceOrientationPortraitUpsideDown UIInterfaceOrientationLandscapeLeft UIInterfaceOrientationLandscapeRight";
				INFOPLIST_KEY_UISupportedInterfaceOrientations_iPhone = "UIInterfaceOrientationPortrait UIInterfaceOrientationLandscapeLeft UIInterfaceOrientationLandscapeRight";
				LD_RUNPATH_SEARCH_PATHS = (
					"$(inherited)",
					"@executable_path/Frameworks",
				);
				MARKETING_VERSION = 1.0;
				PRODUCT_BUNDLE_IDENTIFIER = "-.Messenger";
				PRODUCT_NAME = "$(TARGET_NAME)";
				SWIFT_EMIT_LOC_STRINGS = YES;
				SWIFT_VERSION = 5.0;
				TARGETED_DEVICE_FAMILY = "1,2";
			};
			name = Release;
		};
		C44943802A427EB0007ED5FD /* Debug */ = {
			isa = XCBuildConfiguration;
			buildSettings = {
				ALWAYS_EMBED_SWIFT_STANDARD_LIBRARIES = YES;
				BUNDLE_LOADER = "$(TEST_HOST)";
				CODE_SIGN_STYLE = Automatic;
				CURRENT_PROJECT_VERSION = 1;
				GENERATE_INFOPLIST_FILE = YES;
				IPHONEOS_DEPLOYMENT_TARGET = 16.4;
				MARKETING_VERSION = 1.0;
				PRODUCT_BUNDLE_IDENTIFIER = "-.MessengerTests";
				PRODUCT_NAME = "$(TARGET_NAME)";
				SWIFT_EMIT_LOC_STRINGS = NO;
				SWIFT_VERSION = 5.0;
				TARGETED_DEVICE_FAMILY = "1,2";
				TEST_HOST = "$(BUILT_PRODUCTS_DIR)/Messenger.app/$(BUNDLE_EXECUTABLE_FOLDER_PATH)/Messenger";
			};
			name = Debug;
		};
		C44943812A427EB0007ED5FD /* Release */ = {
			isa = XCBuildConfiguration;
			buildSettings = {
				ALWAYS_EMBED_SWIFT_STANDARD_LIBRARIES = YES;
				BUNDLE_LOADER = "$(TEST_HOST)";
				CODE_SIGN_STYLE = Automatic;
				CURRENT_PROJECT_VERSION = 1;
				GENERATE_INFOPLIST_FILE = YES;
				IPHONEOS_DEPLOYMENT_TARGET = 16.4;
				MARKETING_VERSION = 1.0;
				PRODUCT_BUNDLE_IDENTIFIER = "-.MessengerTests";
				PRODUCT_NAME = "$(TARGET_NAME)";
				SWIFT_EMIT_LOC_STRINGS = NO;
				SWIFT_VERSION = 5.0;
				TARGETED_DEVICE_FAMILY = "1,2";
				TEST_HOST = "$(BUILT_PRODUCTS_DIR)/Messenger.app/$(BUNDLE_EXECUTABLE_FOLDER_PATH)/Messenger";
			};
			name = Release;
		};
		C44943832A427EB0007ED5FD /* Debug */ = {
			isa = XCBuildConfiguration;
			buildSettings = {
				ALWAYS_EMBED_SWIFT_STANDARD_LIBRARIES = YES;
				CODE_SIGN_STYLE = Automatic;
				CURRENT_PROJECT_VERSION = 1;
				GENERATE_INFOPLIST_FILE = YES;
				MARKETING_VERSION = 1.0;
				PRODUCT_BUNDLE_IDENTIFIER = "-.MessengerUITests";
				PRODUCT_NAME = "$(TARGET_NAME)";
				SWIFT_EMIT_LOC_STRINGS = NO;
				SWIFT_VERSION = 5.0;
				TARGETED_DEVICE_FAMILY = "1,2";
				TEST_TARGET_NAME = Messenger;
			};
			name = Debug;
		};
		C44943842A427EB0007ED5FD /* Release */ = {
			isa = XCBuildConfiguration;
			buildSettings = {
				ALWAYS_EMBED_SWIFT_STANDARD_LIBRARIES = YES;
				CODE_SIGN_STYLE = Automatic;
				CURRENT_PROJECT_VERSION = 1;
				GENERATE_INFOPLIST_FILE = YES;
				MARKETING_VERSION = 1.0;
				PRODUCT_BUNDLE_IDENTIFIER = "-.MessengerUITests";
				PRODUCT_NAME = "$(TARGET_NAME)";
				SWIFT_EMIT_LOC_STRINGS = NO;
				SWIFT_VERSION = 5.0;
				TARGETED_DEVICE_FAMILY = "1,2";
				TEST_TARGET_NAME = Messenger;
			};
			name = Release;
		};
/* End XCBuildConfiguration section */

/* Begin XCConfigurationList section */
		C449434D2A427EAE007ED5FD /* Build configuration list for PBXProject "Messenger" */ = {
			isa = XCConfigurationList;
			buildConfigurations = (
				C449437A2A427EB0007ED5FD /* Debug */,
				C449437B2A427EB0007ED5FD /* Release */,
			);
			defaultConfigurationIsVisible = 0;
			defaultConfigurationName = Release;
		};
		C449437C2A427EB0007ED5FD /* Build configuration list for PBXNativeTarget "Messenger" */ = {
			isa = XCConfigurationList;
			buildConfigurations = (
				C449437D2A427EB0007ED5FD /* Debug */,
				C449437E2A427EB0007ED5FD /* Release */,
			);
			defaultConfigurationIsVisible = 0;
			defaultConfigurationName = Release;
		};
		C449437F2A427EB0007ED5FD /* Build configuration list for PBXNativeTarget "MessengerTests" */ = {
			isa = XCConfigurationList;
			buildConfigurations = (
				C44943802A427EB0007ED5FD /* Debug */,
				C44943812A427EB0007ED5FD /* Release */,
			);
			defaultConfigurationIsVisible = 0;
			defaultConfigurationName = Release;
		};
		C44943822A427EB0007ED5FD /* Build configuration list for PBXNativeTarget "MessengerUITests" */ = {
			isa = XCConfigurationList;
			buildConfigurations = (
				C44943832A427EB0007ED5FD /* Debug */,
				C44943842A427EB0007ED5FD /* Release */,
			);
			defaultConfigurationIsVisible = 0;
			defaultConfigurationName = Release;
		};
/* End XCConfigurationList section */

/* Begin XCRemoteSwiftPackageReference section */
		C44943872A4281CC007ED5FD /* XCRemoteSwiftPackageReference "firebase-ios-sdk" */ = {
			isa = XCRemoteSwiftPackageReference;
			repositoryURL = "https://github.com/firebase/firebase-ios-sdk";
			requirement = {
				kind = upToNextMajorVersion;
				minimumVersion = 10.0.0;
			};
		};
		C4BD85D52A4A624600BD26CE /* XCRemoteSwiftPackageReference "MessageKit" */ = {
			isa = XCRemoteSwiftPackageReference;
			repositoryURL = "https://github.com/MessageKit/MessageKit";
			requirement = {
				kind = upToNextMajorVersion;
				minimumVersion = 4.0.0;
			};
		};
/* End XCRemoteSwiftPackageReference section */

/* Begin XCSwiftPackageProductDependency section */
		C44943882A4281CC007ED5FD /* FirebaseAnalytics */ = {
			isa = XCSwiftPackageProductDependency;
			package = C44943872A4281CC007ED5FD /* XCRemoteSwiftPackageReference "firebase-ios-sdk" */;
			productName = FirebaseAnalytics;
		};
		C449438A2A4281CC007ED5FD /* FirebaseAnalyticsOnDeviceConversion */ = {
			isa = XCSwiftPackageProductDependency;
			package = C44943872A4281CC007ED5FD /* XCRemoteSwiftPackageReference "firebase-ios-sdk" */;
			productName = FirebaseAnalyticsOnDeviceConversion;
		};
		C449438C2A4281CC007ED5FD /* FirebaseAnalyticsSwift */ = {
			isa = XCSwiftPackageProductDependency;
			package = C44943872A4281CC007ED5FD /* XCRemoteSwiftPackageReference "firebase-ios-sdk" */;
			productName = FirebaseAnalyticsSwift;
		};
		C449438E2A4281CC007ED5FD /* FirebaseAnalyticsWithoutAdIdSupport */ = {
			isa = XCSwiftPackageProductDependency;
			package = C44943872A4281CC007ED5FD /* XCRemoteSwiftPackageReference "firebase-ios-sdk" */;
			productName = FirebaseAnalyticsWithoutAdIdSupport;
		};
		C44943902A4281CC007ED5FD /* FirebaseAppCheck */ = {
			isa = XCSwiftPackageProductDependency;
			package = C44943872A4281CC007ED5FD /* XCRemoteSwiftPackageReference "firebase-ios-sdk" */;
			productName = FirebaseAppCheck;
		};
		C44943922A4281CC007ED5FD /* FirebaseAppDistribution-Beta */ = {
			isa = XCSwiftPackageProductDependency;
			package = C44943872A4281CC007ED5FD /* XCRemoteSwiftPackageReference "firebase-ios-sdk" */;
			productName = "FirebaseAppDistribution-Beta";
		};
		C44943942A4281CC007ED5FD /* FirebaseAuth */ = {
			isa = XCSwiftPackageProductDependency;
			package = C44943872A4281CC007ED5FD /* XCRemoteSwiftPackageReference "firebase-ios-sdk" */;
			productName = FirebaseAuth;
		};
		C44943962A4281CC007ED5FD /* FirebaseAuthCombine-Community */ = {
			isa = XCSwiftPackageProductDependency;
			package = C44943872A4281CC007ED5FD /* XCRemoteSwiftPackageReference "firebase-ios-sdk" */;
			productName = "FirebaseAuthCombine-Community";
		};
		C44943982A4281CC007ED5FD /* FirebaseCrashlytics */ = {
			isa = XCSwiftPackageProductDependency;
			package = C44943872A4281CC007ED5FD /* XCRemoteSwiftPackageReference "firebase-ios-sdk" */;
			productName = FirebaseCrashlytics;
		};
		C449439A2A4281CC007ED5FD /* FirebaseDatabase */ = {
			isa = XCSwiftPackageProductDependency;
			package = C44943872A4281CC007ED5FD /* XCRemoteSwiftPackageReference "firebase-ios-sdk" */;
			productName = FirebaseDatabase;
		};
		C449439C2A4281CC007ED5FD /* FirebaseDatabaseSwift */ = {
			isa = XCSwiftPackageProductDependency;
			package = C44943872A4281CC007ED5FD /* XCRemoteSwiftPackageReference "firebase-ios-sdk" */;
			productName = FirebaseDatabaseSwift;
		};
		C449439E2A4281CC007ED5FD /* FirebaseDynamicLinks */ = {
			isa = XCSwiftPackageProductDependency;
			package = C44943872A4281CC007ED5FD /* XCRemoteSwiftPackageReference "firebase-ios-sdk" */;
			productName = FirebaseDynamicLinks;
		};
		C44943A02A4281CC007ED5FD /* FirebaseFirestore */ = {
			isa = XCSwiftPackageProductDependency;
			package = C44943872A4281CC007ED5FD /* XCRemoteSwiftPackageReference "firebase-ios-sdk" */;
			productName = FirebaseFirestore;
		};
		C44943A22A4281CC007ED5FD /* FirebaseFirestoreCombine-Community */ = {
			isa = XCSwiftPackageProductDependency;
			package = C44943872A4281CC007ED5FD /* XCRemoteSwiftPackageReference "firebase-ios-sdk" */;
			productName = "FirebaseFirestoreCombine-Community";
		};
		C44943A42A4281CC007ED5FD /* FirebaseFirestoreSwift */ = {
			isa = XCSwiftPackageProductDependency;
			package = C44943872A4281CC007ED5FD /* XCRemoteSwiftPackageReference "firebase-ios-sdk" */;
			productName = FirebaseFirestoreSwift;
		};
		C44943A62A4281CC007ED5FD /* FirebaseFunctions */ = {
			isa = XCSwiftPackageProductDependency;
			package = C44943872A4281CC007ED5FD /* XCRemoteSwiftPackageReference "firebase-ios-sdk" */;
			productName = FirebaseFunctions;
		};
		C44943A82A4281CC007ED5FD /* FirebaseFunctionsCombine-Community */ = {
			isa = XCSwiftPackageProductDependency;
			package = C44943872A4281CC007ED5FD /* XCRemoteSwiftPackageReference "firebase-ios-sdk" */;
			productName = "FirebaseFunctionsCombine-Community";
		};
		C44943AA2A4281CC007ED5FD /* FirebaseInAppMessaging-Beta */ = {
			isa = XCSwiftPackageProductDependency;
			package = C44943872A4281CC007ED5FD /* XCRemoteSwiftPackageReference "firebase-ios-sdk" */;
			productName = "FirebaseInAppMessaging-Beta";
		};
		C44943AC2A4281CC007ED5FD /* FirebaseInAppMessagingSwift-Beta */ = {
			isa = XCSwiftPackageProductDependency;
			package = C44943872A4281CC007ED5FD /* XCRemoteSwiftPackageReference "firebase-ios-sdk" */;
			productName = "FirebaseInAppMessagingSwift-Beta";
		};
		C44943AE2A4281CC007ED5FD /* FirebaseInstallations */ = {
			isa = XCSwiftPackageProductDependency;
			package = C44943872A4281CC007ED5FD /* XCRemoteSwiftPackageReference "firebase-ios-sdk" */;
			productName = FirebaseInstallations;
		};
		C44943B02A4281CC007ED5FD /* FirebaseMLModelDownloader */ = {
			isa = XCSwiftPackageProductDependency;
			package = C44943872A4281CC007ED5FD /* XCRemoteSwiftPackageReference "firebase-ios-sdk" */;
			productName = FirebaseMLModelDownloader;
		};
		C44943B22A4281CC007ED5FD /* FirebaseMessaging */ = {
			isa = XCSwiftPackageProductDependency;
			package = C44943872A4281CC007ED5FD /* XCRemoteSwiftPackageReference "firebase-ios-sdk" */;
			productName = FirebaseMessaging;
		};
		C44943B42A4281CC007ED5FD /* FirebasePerformance */ = {
			isa = XCSwiftPackageProductDependency;
			package = C44943872A4281CC007ED5FD /* XCRemoteSwiftPackageReference "firebase-ios-sdk" */;
			productName = FirebasePerformance;
		};
		C44943B62A4281CC007ED5FD /* FirebaseRemoteConfig */ = {
			isa = XCSwiftPackageProductDependency;
			package = C44943872A4281CC007ED5FD /* XCRemoteSwiftPackageReference "firebase-ios-sdk" */;
			productName = FirebaseRemoteConfig;
		};
		C44943B82A4281CC007ED5FD /* FirebaseRemoteConfigSwift */ = {
			isa = XCSwiftPackageProductDependency;
			package = C44943872A4281CC007ED5FD /* XCRemoteSwiftPackageReference "firebase-ios-sdk" */;
			productName = FirebaseRemoteConfigSwift;
		};
		C44943BA2A4281CC007ED5FD /* FirebaseStorage */ = {
			isa = XCSwiftPackageProductDependency;
			package = C44943872A4281CC007ED5FD /* XCRemoteSwiftPackageReference "firebase-ios-sdk" */;
			productName = FirebaseStorage;
		};
		C44943BC2A4281CC007ED5FD /* FirebaseStorageCombine-Community */ = {
			isa = XCSwiftPackageProductDependency;
			package = C44943872A4281CC007ED5FD /* XCRemoteSwiftPackageReference "firebase-ios-sdk" */;
			productName = "FirebaseStorageCombine-Community";
		};
		C4BD85D62A4A624600BD26CE /* MessageKit */ = {
			isa = XCSwiftPackageProductDependency;
			package = C4BD85D52A4A624600BD26CE /* XCRemoteSwiftPackageReference "MessageKit" */;
			productName = MessageKit;
		};
/* End XCSwiftPackageProductDependency section */
	};
	rootObject = C449434A2A427EAE007ED5FD /* Project object */;
}
